
Microsoft Visual Studio Solution File, Format Version 12.00
# Visual Studio Version 17
VisualStudioVersion = 17.6.33829.357
MinimumVisualStudioVersion = 10.0.40219.1
Project("{FAE04EC0-301F-11D3-BF4B-00C04F79EFBC}") = "ASP.NET Core Web API", "ASP.NET Core Web API\ASP.NET Core Web API.csproj", "{AF21D1D2-EFDF-4547-AF22-F3277D508853}"
EndProject
Global
	GlobalSection(SolutionConfigurationPlatforms) = preSolution
		Debug|Any CPU = Debug|Any CPU
		Release|Any CPU = Release|Any CPU
	EndGlobalSection
	GlobalSection(ProjectConfigurationPlatforms) = postSolution
		{AF21D1D2-EFDF-4547-AF22-F3277D508853}.Debug|Any CPU.ActiveCfg = Debug|Any CPU
		{AF21D1D2-EFDF-4547-AF22-F3277D508853}.Debug|Any CPU.Build.0 = Debug|Any CPU
		{AF21D1D2-EFDF-4547-AF22-F3277D508853}.Release|Any CPU.ActiveCfg = Release|Any CPU
		{AF21D1D2-EFDF-4547-AF22-F3277D508853}.Release|Any CPU.Build.0 = Release|Any CPU
	EndGlobalSection
	GlobalSection(SolutionProperties) = preSolution
		HideSolutionNode = FALSE
	EndGlobalSection
	GlobalSection(ExtensibilityGlobals) = postSolution
		SolutionGuid = {45A9E670-7D00-480F-8BFA-C94A968E7951}
	EndGlobalSection
EndGlobal
